MANIFEST_REPO=https://github.com/OnePlusOSS/kernel_manifest.git
MANIFEST_BRANCH=oneplus/sm8850
MANIFEST_FILE=oneplus_15t.xml
MANIFEST_COMMIT=ecdd4809cbd01fa5f509a4708347026f63498303

COMMON_REPO=https://github.com/OnePlusOSS/android_kernel_common_oneplus_sm8850.git
COMMON_COMMIT=150cab866c6632d4b38d7cc323169b2fd9c9660d
SOC_REPO=https://github.com/OnePlusOSS/android_kernel_oneplus_sm8850.git
SOC_COMMIT=0cfd948c0d9507d0bc04706f6f919a25787c2d89
DEVICE_REPO=https://github.com/OnePlusOSS/android_kernel_modules_and_devicetree_oneplus_sm8850.git
DEVICE_COMMIT=d447f713d6403f707a2910383495f4ada98cfa4d

AOSP_CLANG_REPO=https://android.googlesource.com/platform/prebuilts/clang/host/linux-x86
AOSP_CLANG_COMMIT=a5ea87db9244cecf189ec9f9b11d55c6c1bdf07e
AOSP_KERNEL_BUILD_TOOLS_REPO=https://android.googlesource.com/kernel/prebuilts/build-tools
AOSP_KERNEL_BUILD_TOOLS_COMMIT=3c5e4f14b451ec85167c38b917d2459687abd7f4
AOSP_LIBCAP_REPO=https://android.googlesource.com/platform/external/libcap
AOSP_LIBCAP_COMMIT=9a2ead0b5a377a75849cb0656aa553b5452a7080
AOSP_LIBCAP_NG_REPO=https://android.googlesource.com/platform/external/libcap-ng
AOSP_LIBCAP_NG_COMMIT=8dd5e09d5faf27a871e8654ddaa2d2af7c696578

EXPECTED_KERNEL_VERSION=6.12.38
EXPECTED_ANDROID_BRANCH=android16-6.12
EXPECTED_KMI_GENERATION=5
EXPECTED_CLANG_VERSION=r536225
EXPECTED_BAZEL_VERSION=8.0.0
EXPECTED_RUST_VERSION=1.82.0

ANYKERNEL_REPO=https://github.com/cctv18/AnyKernel3.git
ANYKERNEL_COMMIT=091ee586e1a5d5c1c1c957d48fe7c61638d04dc4
